{
  "name": "hapijs-namespace-example",
  "version": "2.0.1",
  "lockfileVersion": 1,
  "requires": true,
  "dependencies": {
    "accept": {
      "version": "3.0.2",
      "resolved": "https://registry.npmjs.org/accept/-/accept-3.0.2.tgz",
      "integrity": "sha512-bghLXFkCOsC1Y2TZ51etWfKDs6q249SAoHTZVfzWWdlZxoij+mgkj9AmUJWQpDY48TfnrTDIe43Xem4zdMe7mQ==",
      "requires": {
        "boom": "7.2.0",
        "hoek": "5.0.3"
      }
    },
    "ammo": {
      "version": "3.0.1",
      "resolved": "https://registry.npmjs.org/ammo/-/ammo-3.0.1.tgz",
      "integrity": "sha512-4UqoM8xQjwkQ78oiU4NbBK0UgYqeKMAKmwE4ec7Rz3rGU8ZEBFxzgF2sUYKOAlqIXExBDYLN6y1ShF5yQ4hwLQ==",
      "requires": {
        "hoek": "5.0.3"
      }
    },
    "b64": {
      "version": "4.0.0",
      "resolved": "https://registry.npmjs.org/b64/-/b64-4.0.0.tgz",
      "integrity": "sha512-EhmUQodKB0sdzPPrbIWbGqA5cQeTWxYrAgNeeT1rLZWtD3tbNTnphz8J4vkXI3cPgBNlXBjzEbzDzq0Nwi4f9A=="
    },
    "big-time": {
      "version": "2.0.0",
      "resolved": "https://registry.npmjs.org/big-time/-/big-time-2.0.0.tgz",
      "integrity": "sha512-OXsmBxlRLwUc65MLta2EOyMTLcjZQkxHkJ81lVPeyVqZag8zhUfKRYIbF3E/IW/LWR8kf8a1GlRYkBXKVGqJOw=="
    },
    "boom": {
      "version": "7.2.0",
      "resolved": "https://registry.npmjs.org/boom/-/boom-7.2.0.tgz",
      "integrity": "sha1-K/8kpVVldn/ehp7ICDF+sQxI6WY=",
      "requires": {
        "hoek": "5.0.3"
      }
    },
    "bounce": {
      "version": "1.2.0",
      "resolved": "https://registry.npmjs.org/bounce/-/bounce-1.2.0.tgz",
      "integrity": "sha512-8syCGe8B2/WC53118/F/tFy5aW00j+eaGPXmAUP7iBhxc+EBZZxS1vKelWyBCH6IqojgS2t1gF0glH30qAJKEw==",
      "requires": {
        "boom": "7.2.0",
        "hoek": "5.0.3"
      }
    },
    "call": {
      "version": "5.0.1",
      "resolved": "https://registry.npmjs.org/call/-/call-5.0.1.tgz",
      "integrity": "sha512-ollfFPSshiuYLp7AsrmpkQJ/PxCi6AzV81rCjBwWhyF2QGyUY/vPDMzoh4aUcWyucheRglG2LaS5qkIEfLRh6A==",
      "requires": {
        "boom": "7.2.0",
        "hoek": "5.0.3"
      }
    },
    "catbox": {
      "version": "10.0.2",
      "resolved": "https://registry.npmjs.org/catbox/-/catbox-10.0.2.tgz",
      "integrity": "sha512-cTQTQeKMhWHU0lX8CADE3g1koGJu+AlcWFzAjMX/8P+XbkScGYw3tJsQpe2Oh8q68vOQbOLacz9k+6V/F3Z9DA==",
      "requires": {
        "boom": "7.2.0",
        "bounce": "1.2.0",
        "hoek": "5.0.3",
        "joi": "13.3.0"
      }
    },
    "catbox-memory": {
      "version": "3.1.2",
      "resolved": "https://registry.npmjs.org/catbox-memory/-/catbox-memory-3.1.2.tgz",
      "integrity": "sha512-lhWtutLVhsq3Mucxk2McxBPPibJ34WcHuWFz3xqub9u9Ve/IQYpZv3ijLhQXfQped9DXozURiaq9O3aZpP91eg==",
      "requires": {
        "big-time": "2.0.0",
        "boom": "7.2.0",
        "hoek": "5.0.3"
      }
    },
    "config": {
      "version": "1.30.0",
      "resolved": "https://registry.npmjs.org/config/-/config-1.30.0.tgz",
      "integrity": "sha1-HWCp81NIoTwXV5jThOgaWhbDum4=",
      "requires": {
        "json5": "0.4.0",
        "os-homedir": "1.0.2"
      }
    },
    "content": {
      "version": "4.0.5",
      "resolved": "https://registry.npmjs.org/content/-/content-4.0.5.tgz",
      "integrity": "sha512-wDP6CTWDpwCf791fNxlCCkZGRkrNzSEU/8ju9Hnr3Uc5mF/gFR5W+fcoGm6zUSlVPdSXYn5pCbySADKj7YM4Cg==",
      "requires": {
        "boom": "7.2.0"
      }
    },
    "core-util-is": {
      "version": "1.0.2",
      "resolved": "https://registry.npmjs.org/core-util-is/-/core-util-is-1.0.2.tgz",
      "integrity": "sha1-tf1UIgqivFq1eqtxQMlAdUUDwac="
    },
    "cryptiles": {
      "version": "4.1.1",
      "resolved": "https://registry.npmjs.org/cryptiles/-/cryptiles-4.1.1.tgz",
      "integrity": "sha512-YuQUPbcOmaZsdvxJZ25DCA1W+lLIRoPJKBDKin+St1RCYEERSfoe1d25B1MvWNHN3e8SpFSVsqYvEUjp8J9H2w==",
      "requires": {
        "boom": "7.2.0"
      }
    },
    "duplexify": {
      "version": "3.6.0",
      "resolved": "https://registry.npmjs.org/duplexify/-/duplexify-3.6.0.tgz",
      "integrity": "sha512-fO3Di4tBKJpYTFHAxTU00BcfWMY9w24r/x21a6rZRbsD/ToUgGxsMbiGRmB7uVAXeGKXD9MwiLZa5E97EVgIRQ==",
      "requires": {
        "end-of-stream": "1.4.1",
        "inherits": "2.0.3",
        "readable-stream": "2.3.6",
        "stream-shift": "1.0.0"
      }
    },
    "end-of-stream": {
      "version": "1.4.1",
      "resolved": "https://registry.npmjs.org/end-of-stream/-/end-of-stream-1.4.1.tgz",
      "integrity": "sha512-1MkrZNvWTKCaigbn+W15elq2BB/L22nqrSY5DKlo3X6+vclJm8Bb5djXJBmEX6fS3+zCh/F4VBK5Z2KxJt4s2Q==",
      "requires": {
        "once": "1.4.0"
      }
    },
    "good": {
      "version": "8.1.1",
      "resolved": "https://registry.npmjs.org/good/-/good-8.1.1.tgz",
      "integrity": "sha512-iq6cmWjULCgiCSlSdt263G8vdQxaymi7R6kmS/lEf5nNsKv3StPGtZcTzHn2qzkk0b4hZt/y9sFFZrmF2sSm7w==",
      "requires": {
        "hoek": "5.0.3",
        "joi": "13.3.0",
        "oppsy": "2.0.0",
        "pumpify": "1.3.6"
      }
    },
    "hapi": {
      "version": "17.5.1",
      "resolved": "https://registry.npmjs.org/hapi/-/hapi-17.5.1.tgz",
      "integrity": "sha512-IOOCwH75JMw28Spd9tMjYi9QsIqSGiJKH/GHwsmUV5ZgyyQIgVbWxbeuUFUwxcei4KIw1Gb1wJIDRF4jKlRq8w==",
      "requires": {
        "accept": "3.0.2",
        "ammo": "3.0.1",
        "boom": "7.2.0",
        "bounce": "1.2.0",
        "call": "5.0.1",
        "catbox": "10.0.2",
        "catbox-memory": "3.1.2",
        "heavy": "6.1.0",
        "hoek": "5.0.3",
        "joi": "13.3.0",
        "mimos": "4.0.0",
        "podium": "3.1.2",
        "shot": "4.0.5",
        "statehood": "6.0.6",
        "subtext": "6.0.7",
        "teamwork": "3.0.1",
        "topo": "3.0.0"
      }
    },
    "hapijs-namespace": {
      "version": "1.0.4",
      "resolved": "https://registry.npmjs.org/hapijs-namespace/-/hapijs-namespace-1.0.4.tgz",
      "integrity": "sha512-nweHH5bpB4973ih7IpXQpTSjX01+/gOwB2/INkoe95eBqpyJDDEJt3802gvlCc0HecnI76zcYMoR379LwpaU6g=="
    },
    "heavy": {
      "version": "6.1.0",
      "resolved": "https://registry.npmjs.org/heavy/-/heavy-6.1.0.tgz",
      "integrity": "sha512-TKS9DC9NOTGulHQI31Lx+bmeWmNOstbJbGMiN3pX6bF+Zc2GKSpbbym4oasNnB6yPGkqJ9TQXXYDGohqNSJRxA==",
      "requires": {
        "boom": "7.2.0",
        "hoek": "5.0.3",
        "joi": "13.3.0"
      }
    },
    "hoek": {
      "version": "5.0.3",
      "resolved": "https://registry.npmjs.org/hoek/-/hoek-5.0.3.tgz",
      "integrity": "sha512-Bmr56pxML1c9kU+NS51SMFkiVQAb+9uFfXwyqR2tn4w2FPvmPt65eZ9aCcEfRXd9G74HkZnILC6p967pED4aiw=="
    },
    "inherits": {
      "version": "2.0.3",
      "resolved": "https://registry.npmjs.org/inherits/-/inherits-2.0.3.tgz",
      "integrity": "sha1-Yzwsg+PaQqUC9SRmAiSA9CCCYd4="
    },
    "iron": {
      "version": "5.0.4",
      "resolved": "https://registry.npmjs.org/iron/-/iron-5.0.4.tgz",
      "integrity": "sha512-7iQ5/xFMIYaNt9g2oiNiWdhrOTdRUMFaWENUd0KghxwPUhrIH8DUY8FEyLNTTzf75jaII+jMexLdY/2HfV61RQ==",
      "requires": {
        "boom": "7.2.0",
        "cryptiles": "4.1.1",
        "hoek": "5.0.3"
      }
    },
    "isarray": {
      "version": "1.0.0",
      "resolved": "https://registry.npmjs.org/isarray/-/isarray-1.0.0.tgz",
      "integrity": "sha1-u5NdSFgsuhaMBoNJV6VKPgcSTxE="
    },
    "isemail": {
      "version": "3.1.2",
      "resolved": "https://registry.npmjs.org/isemail/-/isemail-3.1.2.tgz",
      "integrity": "sha512-zfRhJn9rFSGhzU5tGZqepRSAj3+g6oTOHxMGGriWNJZzyLPUK8H7VHpqKntegnW8KLyGA9zwuNaCoopl40LTpg==",
      "requires": {
        "punycode": "2.1.1"
      }
    },
    "joi": {
      "version": "13.3.0",
      "resolved": "https://registry.npmjs.org/joi/-/joi-13.3.0.tgz",
      "integrity": "sha512-iF6jEYVfBIoYXztYymia1JfuoVbxBNuOcwdbsdoGin9/jjhBLhonKmfTQOvePss8r8v4tU4JOcNmYPHZzKEFag==",
      "requires": {
        "hoek": "5.0.3",
        "isemail": "3.1.2",
        "topo": "3.0.0"
      }
    },
    "json5": {
      "version": "0.4.0",
      "resolved": "https://registry.npmjs.org/json5/-/json5-0.4.0.tgz",
      "integrity": "sha1-BUNS5MTIDIbAkjh31EneF2pzLI0="
    },
    "mime-db": {
      "version": "1.34.0",
      "resolved": "https://registry.npmjs.org/mime-db/-/mime-db-1.34.0.tgz",
      "integrity": "sha1-RS0Oz/XDA0am3B5kseruDTcZ/5o="
    },
    "mimos": {
      "version": "4.0.0",
      "resolved": "https://registry.npmjs.org/mimos/-/mimos-4.0.0.tgz",
      "integrity": "sha512-JvlvRLqGIlk+AYypWrbrDmhsM+6JVx/xBM5S3AMwTBz1trPCEoPN/swO2L4Wu653fL7oJdgk8DMQyG/Gq3JkZg==",
      "requires": {
        "hoek": "5.0.3",
        "mime-db": "1.34.0"
      }
    },
    "nigel": {
      "version": "3.0.1",
      "resolved": "https://registry.npmjs.org/nigel/-/nigel-3.0.1.tgz",
      "integrity": "sha512-kCVtUG9JyD//tsYrZY+/Y+2gUrANVSba8y23QkM5Znx0FOxlnl9Z4OVPBODmstKWTOvigfTO+Va1VPOu3eWSOQ==",
      "requires": {
        "hoek": "5.0.3",
        "vise": "3.0.0"
      }
    },
    "once": {
      "version": "1.4.0",
      "resolved": "https://registry.npmjs.org/once/-/once-1.4.0.tgz",
      "integrity": "sha1-WDsap3WWHUsROsF9nFC6753Xa9E=",
      "requires": {
        "wrappy": "1.0.2"
      }
    },
    "oppsy": {
      "version": "2.0.0",
      "resolved": "https://registry.npmjs.org/oppsy/-/oppsy-2.0.0.tgz",
      "integrity": "sha1-OhlFF63CTDxhzcVvNfRTfpOjXjQ=",
      "requires": {
        "hoek": "5.0.3"
      }
    },
    "os-homedir": {
      "version": "1.0.2",
      "resolved": "https://registry.npmjs.org/os-homedir/-/os-homedir-1.0.2.tgz",
      "integrity": "sha1-/7xJiDNuDoM94MFox+8VISGqf7M="
    },
    "pez": {
      "version": "4.0.2",
      "resolved": "https://registry.npmjs.org/pez/-/pez-4.0.2.tgz",
      "integrity": "sha512-HuPxmGxHsEFPWhdkwBs2gIrHhFqktIxMtudISTFN95RQ85ZZAOl8Ki6u3nnN/X8OUaGlIGldk/l8p2IR4/i76w==",
      "requires": {
        "b64": "4.0.0",
        "boom": "7.2.0",
        "content": "4.0.5",
        "hoek": "5.0.3",
        "nigel": "3.0.1"
      }
    },
    "podium": {
      "version": "3.1.2",
      "resolved": "https://registry.npmjs.org/podium/-/podium-3.1.2.tgz",
      "integrity": "sha512-18VrjJAduIdPv7d9zWsfmKxTj3cQTYC5Pv5gtKxcWujYBpGbV+mhNSPYhlHW5xeWoazYyKfB9FEsPT12r5rY1A==",
      "requires": {
        "hoek": "5.0.3",
        "joi": "13.3.0"
      }
    },
    "process-nextick-args": {
      "version": "2.0.0",
      "resolved": "https://registry.npmjs.org/process-nextick-args/-/process-nextick-args-2.0.0.tgz",
      "integrity": "sha512-MtEC1TqN0EU5nephaJ4rAtThHtC86dNN9qCuEhtshvpVBkAW5ZO7BASN9REnF9eoXGcRub+pFuKEpOHE+HbEMw=="
    },
    "pump": {
      "version": "2.0.1",
      "resolved": "https://registry.npmjs.org/pump/-/pump-2.0.1.tgz",
      "integrity": "sha512-ruPMNRkN3MHP1cWJc9OWr+T/xDP0jhXYCLfJcBuX54hhfIBnaQmAUMfDcG4DM5UMWByBbJY69QSphm3jtDKIkA==",
      "requires": {
        "end-of-stream": "1.4.1",
        "once": "1.4.0"
      }
    },
    "pumpify": {
      "version": "1.3.6",
      "resolved": "https://registry.npmjs.org/pumpify/-/pumpify-1.3.6.tgz",
      "integrity": "sha512-BurGAcvezsINL5US9T9wGHHcLNrG6MCp//ECtxron3vcR+Rfx5Anqq7HbZXNJvFQli8FGVsWCAvywEJFV5Hx/Q==",
      "requires": {
        "duplexify": "3.6.0",
        "inherits": "2.0.3",
        "pump": "2.0.1"
      }
    },
    "punycode": {
      "version": "2.1.1",
      "resolved": "https://registry.npmjs.org/punycode/-/punycode-2.1.1.tgz",
      "integrity": "sha512-XRsRjdf+j5ml+y/6GKHPZbrF/8p2Yga0JPtdqTIY2Xe5ohJPD9saDJJLPvp9+NSBprVvevdXZybnj2cv8OEd0A=="
    },
    "readable-stream": {
      "version": "2.3.6",
      "resolved": "https://registry.npmjs.org/readable-stream/-/readable-stream-2.3.6.tgz",
      "integrity": "sha512-tQtKA9WIAhBF3+VLAseyMqZeBjW0AHJoxOtYqSUZNJxauErmLbVm2FW1y+J/YA9dUrAC39ITejlZWhVIwawkKw==",
      "requires": {
        "core-util-is": "1.0.2",
        "inherits": "2.0.3",
        "isarray": "1.0.0",
        "process-nextick-args": "2.0.0",
        "safe-buffer": "5.1.2",
        "string_decoder": "1.1.1",
        "util-deprecate": "1.0.2"
      }
    },
    "safe-buffer": {
      "version": "5.1.2",
      "resolved": "https://registry.npmjs.org/safe-buffer/-/safe-buffer-5.1.2.tgz",
      "integrity": "sha512-Gd2UZBJDkXlY7GbJxfsE8/nvKkUEU1G38c1siN6QP6a9PT9MmHB8GnpscSmMJSoF8LOIrt8ud/wPtojys4G6+g=="
    },
    "shot": {
      "version": "4.0.5",
      "resolved": "https://registry.npmjs.org/shot/-/shot-4.0.5.tgz",
      "integrity": "sha1-x+dFXRHWD2ts08Q+FaO0McF+VWY=",
      "requires": {
        "hoek": "5.0.3",
        "joi": "13.3.0"
      }
    },
    "statehood": {
      "version": "6.0.6",
      "resolved": "https://registry.npmjs.org/statehood/-/statehood-6.0.6.tgz",
      "integrity": "sha512-jR45n5ZMAkasw0xoE9j9TuLmJv4Sa3AkXe+6yIFT6a07kXYHgSbuD2OVGECdZGFxTmvNqLwL1iRIgvq6O6rq+A==",
      "requires": {
        "boom": "7.2.0",
        "bounce": "1.2.0",
        "cryptiles": "4.1.1",
        "hoek": "5.0.3",
        "iron": "5.0.4",
        "joi": "13.3.0"
      }
    },
    "stream-shift": {
      "version": "1.0.0",
      "resolved": "https://registry.npmjs.org/stream-shift/-/stream-shift-1.0.0.tgz",
      "integrity": "sha1-1cdSgl5TZ+eG944Y5EXqIjoVWVI="
    },
    "string_decoder": {
      "version": "1.1.1",
      "resolved": "https://registry.npmjs.org/string_decoder/-/string_decoder-1.1.1.tgz",
      "integrity": "sha512-n/ShnvDi6FHbbVfviro+WojiFzv+s8MPMHBczVePfUpDJLwoLT0ht1l4YwBCbi8pJAveEEdnkHyPyTP/mzRfwg==",
      "requires": {
        "safe-buffer": "5.1.2"
      }
    },
    "subtext": {
      "version": "6.0.7",
      "resolved": "https://registry.npmjs.org/subtext/-/subtext-6.0.7.tgz",
      "integrity": "sha512-IcJUvRjeR+NB437Iq+LORFNJW4L6Knqkj3oQrBrkdhIaS2VKJvx/9aYEq7vi+PEx5/OuehOL/40SkSZotLi/MA==",
      "requires": {
        "boom": "7.2.0",
        "content": "4.0.5",
        "hoek": "5.0.3",
        "pez": "4.0.2",
        "wreck": "14.0.2"
      }
    },
    "teamwork": {
      "version": "3.0.1",
      "resolved": "https://registry.npmjs.org/teamwork/-/teamwork-3.0.1.tgz",
      "integrity": "sha512-hEkJIpDOfOYe9NYaLFk00zQbzZeKNCY8T2pRH3I13Y1mJwxaSQ6NEsjY5rCp+11ezCiZpWGoGFTbOuhg4qKevQ=="
    },
    "topo": {
      "version": "3.0.0",
      "resolved": "https://registry.npmjs.org/topo/-/topo-3.0.0.tgz",
      "integrity": "sha512-Tlu1fGlR90iCdIPURqPiufqAlCZYzLjHYVVbcFWDMcX7+tK8hdZWAfsMrD/pBul9jqHHwFjNdf1WaxA9vTRRhw==",
      "requires": {
        "hoek": "5.0.3"
      }
    },
    "util-deprecate": {
      "version": "1.0.2",
      "resolved": "https://registry.npmjs.org/util-deprecate/-/util-deprecate-1.0.2.tgz",
      "integrity": "sha1-RQ1Nyfpw3nMnYvvS1KKJgUGaDM8="
    },
    "vise": {
      "version": "3.0.0",
      "resolved": "https://registry.npmjs.org/vise/-/vise-3.0.0.tgz",
      "integrity": "sha512-kBFZLmiL1Vm3rHXphkhvvAcsjgeQXRrOFCbJb0I50YZZP4HGRNH+xGzK3matIMcpbsfr3I02u9odj4oCD0TWgA==",
      "requires": {
        "hoek": "5.0.3"
      }
    },
    "wrappy": {
      "version": "1.0.2",
      "resolved": "https://registry.npmjs.org/wrappy/-/wrappy-1.0.2.tgz",
      "integrity": "sha1-tSQ9jz7BqjXxNkYFvA0QNuMKtp8="
    },
    "wreck": {
      "version": "14.0.2",
      "resolved": "https://registry.npmjs.org/wreck/-/wreck-14.0.2.tgz",
      "integrity": "sha512-QCm3omWNJUseqrSzwX2QZi1rBbmCfbFHJAXputLLyZ37VSiFnSYQB0ms/mPnSvrlIu7GVm89Y/gBNhSY26uVIQ==",
      "requires": {
        "boom": "7.2.0",
        "hoek": "5.0.3"
      }
    }
  }
}
